
Microsoft Visual Studio Solution File, Format Version 10.00
# Visual Studio 2008
# SharpDevelop 3.2.1.6466
Project("{FAE04EC0-301F-11D3-BF4B-00C04F79EFBC}") = "OnceDaySession", "OnceDaySession\OnceDaySession.csproj", "{21718501-933A-4E7C-BE02-165C214E7C25}"
EndProject
Global
	GlobalSection(SolutionConfigurationPlatforms) = preSolution
		Debug|x86 = Debug|x86
		Release|x86 = Release|x86
	EndGlobalSection
	GlobalSection(ProjectConfigurationPlatforms) = postSolution
		{21718501-933A-4E7C-BE02-165C214E7C25}.Debug|x86.Build.0 = Debug|x86
		{21718501-933A-4E7C-BE02-165C214E7C25}.Debug|x86.ActiveCfg = Debug|x86
		{21718501-933A-4E7C-BE02-165C214E7C25}.Release|x86.Build.0 = Release|x86
		{21718501-933A-4E7C-BE02-165C214E7C25}.Release|x86.ActiveCfg = Release|x86
	EndGlobalSection
EndGlobal
